github.com/gogf/gf/v2 v2.5.4 h1:UBCSw8mInkHmEqL0E1LYc6QhSpaNFY/wHcFrTI/rzTk=
github.com/gogf/gf/v2 v2.5.4/go.mod h1:7yf5qp0BznfsYx7Sw49m3mQvBsHpwAjJk3Q9ZnKoUEc=
github.com/prometheus/client_golang v1.17.0 h1:rl2sfwZMtSthVU752MqfjQozy7blglC+1SOtjMAMh+Q=
github.com/prometheus/client_golang v1.17.0/go.mod h1:VeL+gMmOAxkS2IqfCq0ZmHSL+LjWfWDUmp1mBz9JgUY=
github.com/prometheus/common v0.44.0 h1:+5BrQJwiBB9xsMygAB3TNvpQKOwlkc25LbISbrdOOfY=
github.com/prometheus/common v0.44.0/go.mod h1:ofAIvZbQ1e/nugmZGz4/qCb9Ap1VoSTIO7x0VV9VvuY=
