github.com/gogf/gf/v2 v2.5.4 h1:UBCSw8mInkHmEqL0E1LYc6QhSpaNFY/wHcFrTI/rzTk=
github.com/gogf/gf/v2 v2.5.4/go.mod h1:7yf5qp0BznfsYx7Sw49m3mQvBsHpwAjJk3Q9ZnKoUEc=
github.com/gogf/gf/v2 v2.5.6 h1:a1UK1yUP3s+l+vPxmV91+8gTarAP9b1IEOw0W7LNl6E=
github.com/gogf/gf/v2 v2.5.6/go.mod h1:17K/gBYrp0bHGC3XYC7bSPoywmZ6MrZHrZakTfh4eIQ=
github.com/gogf/gf/v2 v2.6.3 h1:DoqeuwU98wotpFoDSQEx8RZbmJdK8KdGiJtzJeqpyIo=
github.com/gogf/gf/v2 v2.6.3/go.mod h1:x2XONYcI4hRQ/4gMNbWHmZrNzSEIg20s2NULbzom5k0=
github.com/prometheus/client_golang v1.17.0 h1:rl2sfwZMtSthVU752MqfjQozy7blglC+1SOtjMAMh+Q=
github.com/prometheus/client_golang v1.17.0/go.mod h1:VeL+gMmOAxkS2IqfCq0ZmHSL+LjWfWDUmp1mBz9JgUY=
github.com/prometheus/client_golang v1.18.0 h1:HzFfmkOzH5Q8L8G+kSJKUx5dtG87sewO+FoDDqP5Tbk=
github.com/prometheus/client_golang v1.18.0/go.mod h1:T+GXkCk5wSJyOqMIzVgvvjFDlkOQntgjkJWKrN5txjA=
github.com/prometheus/common v0.44.0 h1:+5BrQJwiBB9xsMygAB3TNvpQKOwlkc25LbISbrdOOfY=
github.com/prometheus/common v0.44.0/go.mod h1:ofAIvZbQ1e/nugmZGz4/qCb9Ap1VoSTIO7x0VV9VvuY=
github.com/prometheus/common v0.45.0 h1:2BGz0eBc2hdMDLnO/8n0jeB3oPrt2D08CekT0lneoxM=
github.com/prometheus/common v0.45.0/go.mod h1:YJmSTw9BoKxJplESWWxlbyttQR4uaEcGyv9MZjVOJsY=
github.com/prometheus/common v0.48.0 h1:QO8U2CdOzSn1BBsmXJXduaaW+dY/5QLjfB8svtSzKKE=
github.com/prometheus/common v0.48.0/go.mod h1:0/KsvlIEfPQCQ5I2iNSAWKPZziNCvRs5EC6ILDTlAPc=
